
Microsoft Visual Studio Solution File, Format Version 12.00
# Visual Studio Version 17
VisualStudioVersion = 17.3.32929.385
MinimumVisualStudioVersion = 10.0.40219.1
Project("{9A19103F-16F7-4668-BE54-9A1E7A4F7556}") = "WicNet", "WicNet\WicNet.csproj", "{741BC93E-1510-48A9-895C-0CD9C2D21C0D}"
EndProject
Project("{9A19103F-16F7-4668-BE54-9A1E7A4F7556}") = "WicNet.Tests", "WicNet.Tests\WicNet.Tests.csproj", "{15339295-2E3A-4E0D-91FC-576CCE55B056}"
EndProject
Project("{9A19103F-16F7-4668-BE54-9A1E7A4F7556}") = "WicNetExplorer", "WicNetExplorer\WicNetExplorer.csproj", "{33F703F7-E491-4D8C-86E4-F2152EF2ECA3}"
EndProject
Project("{FAE04EC0-301F-11D3-BF4B-00C04F79EFBC}") = "WicNet.WinUI3Tests", "WicNet.WinUI3Tests\WicNet.WinUI3Tests.csproj", "{D191944D-27EE-40BA-B044-7264D54358BF}"
EndProject
Global
	GlobalSection(SolutionConfigurationPlatforms) = preSolution
		Debug|Any CPU = Debug|Any CPU
		Debug|ARM64 = Debug|ARM64
		Debug|x64 = Debug|x64
		Debug|x86 = Debug|x86
		Release|Any CPU = Release|Any CPU
		Release|ARM64 = Release|ARM64
		Release|x64 = Release|x64
		Release|x86 = Release|x86
	EndGlobalSection
	GlobalSection(ProjectConfigurationPlatforms) = postSolution
		{741BC93E-1510-48A9-895C-0CD9C2D21C0D}.Debug|Any CPU.ActiveCfg = Debug|Any CPU
		{741BC93E-1510-48A9-895C-0CD9C2D21C0D}.Debug|Any CPU.Build.0 = Debug|Any CPU
		{741BC93E-1510-48A9-895C-0CD9C2D21C0D}.Debug|ARM64.ActiveCfg = Debug|Any CPU
		{741BC93E-1510-48A9-895C-0CD9C2D21C0D}.Debug|ARM64.Build.0 = Debug|Any CPU
		{741BC93E-1510-48A9-895C-0CD9C2D21C0D}.Debug|x64.ActiveCfg = Debug|Any CPU
		{741BC93E-1510-48A9-895C-0CD9C2D21C0D}.Debug|x64.Build.0 = Debug|Any CPU
		{741BC93E-1510-48A9-895C-0CD9C2D21C0D}.Debug|x86.ActiveCfg = Debug|Any CPU
		{741BC93E-1510-48A9-895C-0CD9C2D21C0D}.Debug|x86.Build.0 = Debug|Any CPU
		{741BC93E-1510-48A9-895C-0CD9C2D21C0D}.Release|Any CPU.ActiveCfg = Release|Any CPU
		{741BC93E-1510-48A9-895C-0CD9C2D21C0D}.Release|Any CPU.Build.0 = Release|Any CPU
		{741BC93E-1510-48A9-895C-0CD9C2D21C0D}.Release|ARM64.ActiveCfg = Release|Any CPU
		{741BC93E-1510-48A9-895C-0CD9C2D21C0D}.Release|ARM64.Build.0 = Release|Any CPU
		{741BC93E-1510-48A9-895C-0CD9C2D21C0D}.Release|x64.ActiveCfg = Release|Any CPU
		{741BC93E-1510-48A9-895C-0CD9C2D21C0D}.Release|x64.Build.0 = Release|Any CPU
		{741BC93E-1510-48A9-895C-0CD9C2D21C0D}.Release|x86.ActiveCfg = Release|Any CPU
		{741BC93E-1510-48A9-895C-0CD9C2D21C0D}.Release|x86.Build.0 = Release|Any CPU
		{15339295-2E3A-4E0D-91FC-576CCE55B056}.Debug|Any CPU.ActiveCfg = Debug|Any CPU
		{15339295-2E3A-4E0D-91FC-576CCE55B056}.Debug|Any CPU.Build.0 = Debug|Any CPU
		{15339295-2E3A-4E0D-91FC-576CCE55B056}.Debug|ARM64.ActiveCfg = Debug|Any CPU
		{15339295-2E3A-4E0D-91FC-576CCE55B056}.Debug|ARM64.Build.0 = Debug|Any CPU
		{15339295-2E3A-4E0D-91FC-576CCE55B056}.Debug|x64.ActiveCfg = Debug|Any CPU
		{15339295-2E3A-4E0D-91FC-576CCE55B056}.Debug|x64.Build.0 = Debug|Any CPU
		{15339295-2E3A-4E0D-91FC-576CCE55B056}.Debug|x86.ActiveCfg = Debug|Any CPU
		{15339295-2E3A-4E0D-91FC-576CCE55B056}.Debug|x86.Build.0 = Debug|Any CPU
		{15339295-2E3A-4E0D-91FC-576CCE55B056}.Release|Any CPU.ActiveCfg = Release|Any CPU
		{15339295-2E3A-4E0D-91FC-576CCE55B056}.Release|Any CPU.Build.0 = Release|Any CPU
		{15339295-2E3A-4E0D-91FC-576CCE55B056}.Release|ARM64.ActiveCfg = Release|Any CPU
		{15339295-2E3A-4E0D-91FC-576CCE55B056}.Release|ARM64.Build.0 = Release|Any CPU
		{15339295-2E3A-4E0D-91FC-576CCE55B056}.Release|x64.ActiveCfg = Release|Any CPU
		{15339295-2E3A-4E0D-91FC-576CCE55B056}.Release|x64.Build.0 = Release|Any CPU
		{15339295-2E3A-4E0D-91FC-576CCE55B056}.Release|x86.ActiveCfg = Release|Any CPU
		{15339295-2E3A-4E0D-91FC-576CCE55B056}.Release|x86.Build.0 = Release|Any CPU
		{33F703F7-E491-4D8C-86E4-F2152EF2ECA3}.Debug|Any CPU.ActiveCfg = Debug|Any CPU
		{33F703F7-E491-4D8C-86E4-F2152EF2ECA3}.Debug|Any CPU.Build.0 = Debug|Any CPU
		{33F703F7-E491-4D8C-86E4-F2152EF2ECA3}.Debug|ARM64.ActiveCfg = Debug|Any CPU
		{33F703F7-E491-4D8C-86E4-F2152EF2ECA3}.Debug|ARM64.Build.0 = Debug|Any CPU
		{33F703F7-E491-4D8C-86E4-F2152EF2ECA3}.Debug|x64.ActiveCfg = Debug|Any CPU
		{33F703F7-E491-4D8C-86E4-F2152EF2ECA3}.Debug|x64.Build.0 = Debug|Any CPU
		{33F703F7-E491-4D8C-86E4-F2152EF2ECA3}.Debug|x86.ActiveCfg = Debug|Any CPU
		{33F703F7-E491-4D8C-86E4-F2152EF2ECA3}.Debug|x86.Build.0 = Debug|Any CPU
		{33F703F7-E491-4D8C-86E4-F2152EF2ECA3}.Release|Any CPU.ActiveCfg = Release|Any CPU
		{33F703F7-E491-4D8C-86E4-F2152EF2ECA3}.Release|Any CPU.Build.0 = Release|Any CPU
		{33F703F7-E491-4D8C-86E4-F2152EF2ECA3}.Release|ARM64.ActiveCfg = Release|Any CPU
		{33F703F7-E491-4D8C-86E4-F2152EF2ECA3}.Release|ARM64.Build.0 = Release|Any CPU
		{33F703F7-E491-4D8C-86E4-F2152EF2ECA3}.Release|x64.ActiveCfg = Release|Any CPU
		{33F703F7-E491-4D8C-86E4-F2152EF2ECA3}.Release|x64.Build.0 = Release|Any CPU
		{33F703F7-E491-4D8C-86E4-F2152EF2ECA3}.Release|x86.ActiveCfg = Release|Any CPU
		{33F703F7-E491-4D8C-86E4-F2152EF2ECA3}.Release|x86.Build.0 = Release|Any CPU
		{D191944D-27EE-40BA-B044-7264D54358BF}.Debug|Any CPU.ActiveCfg = Debug|x64
		{D191944D-27EE-40BA-B044-7264D54358BF}.Debug|Any CPU.Build.0 = Debug|x64
		{D191944D-27EE-40BA-B044-7264D54358BF}.Debug|Any CPU.Deploy.0 = Debug|x64
		{D191944D-27EE-40BA-B044-7264D54358BF}.Debug|ARM64.ActiveCfg = Debug|ARM64
		{D191944D-27EE-40BA-B044-7264D54358BF}.Debug|ARM64.Build.0 = Debug|ARM64
		{D191944D-27EE-40BA-B044-7264D54358BF}.Debug|ARM64.Deploy.0 = Debug|ARM64
		{D191944D-27EE-40BA-B044-7264D54358BF}.Debug|x64.ActiveCfg = Debug|x64
		{D191944D-27EE-40BA-B044-7264D54358BF}.Debug|x64.Build.0 = Debug|x64
		{D191944D-27EE-40BA-B044-7264D54358BF}.Debug|x64.Deploy.0 = Debug|x64
		{D191944D-27EE-40BA-B044-7264D54358BF}.Debug|x86.ActiveCfg = Debug|x86
		{D191944D-27EE-40BA-B044-7264D54358BF}.Debug|x86.Build.0 = Debug|x86
		{D191944D-27EE-40BA-B044-7264D54358BF}.Debug|x86.Deploy.0 = Debug|x86
		{D191944D-27EE-40BA-B044-7264D54358BF}.Release|Any CPU.ActiveCfg = Release|x64
		{D191944D-27EE-40BA-B044-7264D54358BF}.Release|Any CPU.Build.0 = Release|x64
		{D191944D-27EE-40BA-B044-7264D54358BF}.Release|Any CPU.Deploy.0 = Release|x64
		{D191944D-27EE-40BA-B044-7264D54358BF}.Release|ARM64.ActiveCfg = Release|ARM64
		{D191944D-27EE-40BA-B044-7264D54358BF}.Release|ARM64.Build.0 = Release|ARM64
		{D191944D-27EE-40BA-B044-7264D54358BF}.Release|ARM64.Deploy.0 = Release|ARM64
		{D191944D-27EE-40BA-B044-7264D54358BF}.Release|x64.ActiveCfg = Release|x64
		{D191944D-27EE-40BA-B044-7264D54358BF}.Release|x64.Build.0 = Release|x64
		{D191944D-27EE-40BA-B044-7264D54358BF}.Release|x64.Deploy.0 = Release|x64
		{D191944D-27EE-40BA-B044-7264D54358BF}.Release|x86.ActiveCfg = Release|x86
		{D191944D-27EE-40BA-B044-7264D54358BF}.Release|x86.Build.0 = Release|x86
		{D191944D-27EE-40BA-B044-7264D54358BF}.Release|x86.Deploy.0 = Release|x86
	EndGlobalSection
	GlobalSection(SolutionProperties) = preSolution
		HideSolutionNode = FALSE
	EndGlobalSection
	GlobalSection(ExtensibilityGlobals) = postSolution
		SolutionGuid = {AD4020D4-8ED6-470B-A87E-C6ABA40E5FFC}
	EndGlobalSection
EndGlobal
